
Microsoft Visual Studio Solution File, Format Version 12.00
# Visual Studio 2012
Project("{8BC9CEB8-8B4A-11D0-8D11-00A0C91BC942}") = "CS410 Project 2 - Motion Detection", "CS410 Project 2 - Panorama.vcxproj", "{72FE041F-E7A7-4127-96DD-D323ECC32722}"
EndProject
Global
	GlobalSection(SolutionConfigurationPlatforms) = preSolution
		Debug|Win32 = Debug|Win32
		Release|Win32 = Release|Win32
	EndGlobalSection
	GlobalSection(ProjectConfigurationPlatforms) = postSolution
		{72FE041F-E7A7-4127-96DD-D323ECC32722}.Debug|Win32.ActiveCfg = Debug|Win32
		{72FE041F-E7A7-4127-96DD-D323ECC32722}.Debug|Win32.Build.0 = Debug|Win32
		{72FE041F-E7A7-4127-96DD-D323ECC32722}.Release|Win32.ActiveCfg = Release|Win32
		{72FE041F-E7A7-4127-96DD-D323ECC32722}.Release|Win32.Build.0 = Release|Win32
	EndGlobalSection
	GlobalSection(SolutionProperties) = preSolution
		HideSolutionNode = FALSE
	EndGlobalSection
EndGlobal
